
Microsoft Visual Studio Solution File, Format Version 12.00
# Visual Studio Version 16
VisualStudioVersion = 16.0.29613.14
MinimumVisualStudioVersion = 10.0.40219.1
Project("{FAE04EC0-301F-11D3-BF4B-00C04F79EFBC}") = "USBModemManager", "USBModemManager\USBModemManager.csproj", "{22BA28EE-7D15-4F43-992C-FF5E1D48422D}"
EndProject
Global
	GlobalSection(SolutionConfigurationPlatforms) = preSolution
		Debug|Any CPU = Debug|Any CPU
		Release|Any CPU = Release|Any CPU
	EndGlobalSection
	GlobalSection(ProjectConfigurationPlatforms) = postSolution
		{22BA28EE-7D15-4F43-992C-FF5E1D48422D}.Debug|Any CPU.ActiveCfg = Debug|Any CPU
		{22BA28EE-7D15-4F43-992C-FF5E1D48422D}.Debug|Any CPU.Build.0 = Debug|Any CPU
		{22BA28EE-7D15-4F43-992C-FF5E1D48422D}.Release|Any CPU.ActiveCfg = Release|Any CPU
		{22BA28EE-7D15-4F43-992C-FF5E1D48422D}.Release|Any CPU.Build.0 = Release|Any CPU
	EndGlobalSection
	GlobalSection(SolutionProperties) = preSolution
		HideSolutionNode = FALSE
	EndGlobalSection
	GlobalSection(ExtensibilityGlobals) = postSolution
		SolutionGuid = {03B0DA01-7F21-472F-88E5-9B53B6360A91}
	EndGlobalSection
EndGlobal
